
Microsoft Visual Studio Solution File, Format Version 12.00
# Visual Studio Version 16
VisualStudioVersion = 16.0.31727.386
MinimumVisualStudioVersion = 10.0.40219.1
Project("{9A19103F-16F7-4668-BE54-9A1E7A4F7556}") = "Fájlrendszer_Observer", "Fájlrendszer_Observer\Fájlrendszer_Observer.csproj", "{78B974A7-21DD-48D8-961B-AD8DEF7C1E39}"
EndProject
Project("{9A19103F-16F7-4668-BE54-9A1E7A4F7556}") = "Fájlrendszer_Composite", "Fájlrendszer_Composite\Fájlrendszer_Composite.csproj", "{87E7FFFF-2605-427D-8C61-6D3E1592E378}"
EndProject
Global
	GlobalSection(SolutionConfigurationPlatforms) = preSolution
		Debug|Any CPU = Debug|Any CPU
		Release|Any CPU = Release|Any CPU
	EndGlobalSection
	GlobalSection(ProjectConfigurationPlatforms) = postSolution
		{78B974A7-21DD-48D8-961B-AD8DEF7C1E39}.Debug|Any CPU.ActiveCfg = Debug|Any CPU
		{78B974A7-21DD-48D8-961B-AD8DEF7C1E39}.Debug|Any CPU.Build.0 = Debug|Any CPU
		{78B974A7-21DD-48D8-961B-AD8DEF7C1E39}.Release|Any CPU.ActiveCfg = Release|Any CPU
		{78B974A7-21DD-48D8-961B-AD8DEF7C1E39}.Release|Any CPU.Build.0 = Release|Any CPU
		{87E7FFFF-2605-427D-8C61-6D3E1592E378}.Debug|Any CPU.ActiveCfg = Debug|Any CPU
		{87E7FFFF-2605-427D-8C61-6D3E1592E378}.Debug|Any CPU.Build.0 = Debug|Any CPU
		{87E7FFFF-2605-427D-8C61-6D3E1592E378}.Release|Any CPU.ActiveCfg = Release|Any CPU
		{87E7FFFF-2605-427D-8C61-6D3E1592E378}.Release|Any CPU.Build.0 = Release|Any CPU
	EndGlobalSection
	GlobalSection(SolutionProperties) = preSolution
		HideSolutionNode = FALSE
	EndGlobalSection
	GlobalSection(ExtensibilityGlobals) = postSolution
		SolutionGuid = {88AB726E-8E45-4720-8A64-0D4AF1F182A1}
	EndGlobalSection
EndGlobal
